
Microsoft Visual Studio Solution File, Format Version 12.00
# Visual Studio Version 17
VisualStudioVersion = 17.9.34723.18
MinimumVisualStudioVersion = 10.0.40219.1
Project("{9A19103F-16F7-4668-BE54-9A1E7A4F7556}") = "ContactManagement", "ContactManagement\ContactManagement.csproj", "{9ADACFCC-7614-4D6D-ACB4-DC04261F047E}"
EndProject
Project("{9A19103F-16F7-4668-BE54-9A1E7A4F7556}") = "ContactsTest", "ContactsTest\ContactsTest.csproj", "{947CD969-FC18-439B-85FE-3CFA077641BB}"
EndProject
Project("{2150E333-8FDC-42A3-9474-1A3956D46DE8}") = "Solution Items", "Solution Items", "{3FAFBE98-94C2-4866-BDFD-63075DD57CA4}"
	ProjectSection(SolutionItems) = preProject
		.gitignore = .gitignore
		Readme.md = Readme.md
	EndProjectSection
EndProject
Global
	GlobalSection(SolutionConfigurationPlatforms) = preSolution
		Debug|Any CPU = Debug|Any CPU
		Release|Any CPU = Release|Any CPU
	EndGlobalSection
	GlobalSection(ProjectConfigurationPlatforms) = postSolution
		{9ADACFCC-7614-4D6D-ACB4-DC04261F047E}.Debug|Any CPU.ActiveCfg = Debug|Any CPU
		{9ADACFCC-7614-4D6D-ACB4-DC04261F047E}.Debug|Any CPU.Build.0 = Debug|Any CPU
		{9ADACFCC-7614-4D6D-ACB4-DC04261F047E}.Release|Any CPU.ActiveCfg = Release|Any CPU
		{9ADACFCC-7614-4D6D-ACB4-DC04261F047E}.Release|Any CPU.Build.0 = Release|Any CPU
		{947CD969-FC18-439B-85FE-3CFA077641BB}.Debug|Any CPU.ActiveCfg = Debug|Any CPU
		{947CD969-FC18-439B-85FE-3CFA077641BB}.Debug|Any CPU.Build.0 = Debug|Any CPU
		{947CD969-FC18-439B-85FE-3CFA077641BB}.Release|Any CPU.ActiveCfg = Release|Any CPU
		{947CD969-FC18-439B-85FE-3CFA077641BB}.Release|Any CPU.Build.0 = Release|Any CPU
	EndGlobalSection
	GlobalSection(SolutionProperties) = preSolution
		HideSolutionNode = FALSE
	EndGlobalSection
	GlobalSection(ExtensibilityGlobals) = postSolution
		SolutionGuid = {24DB5BE2-DC01-469D-A5EB-69D9F1F72492}
	EndGlobalSection
EndGlobal
